
Microsoft Visual Studio Solution File, Format Version 12.00
# Visual Studio Version 17
VisualStudioVersion = 17.9.34607.119
MinimumVisualStudioVersion = 10.0.40219.1
Project("{FAE04EC0-301F-11D3-BF4B-00C04F79EFBC}") = "Menu.Server", "Menu.Server\Menu.Server.csproj", "{30B061D0-C127-491E-87AA-F37837800309}"
EndProject
Global
	GlobalSection(SolutionConfigurationPlatforms) = preSolution
		Debug|Any CPU = Debug|Any CPU
		Release|Any CPU = Release|Any CPU
	EndGlobalSection
	GlobalSection(ProjectConfigurationPlatforms) = postSolution
		{30B061D0-C127-491E-87AA-F37837800309}.Debug|Any CPU.ActiveCfg = Debug|Any CPU
		{30B061D0-C127-491E-87AA-F37837800309}.Debug|Any CPU.Build.0 = Debug|Any CPU
		{30B061D0-C127-491E-87AA-F37837800309}.Release|Any CPU.ActiveCfg = Release|Any CPU
		{30B061D0-C127-491E-87AA-F37837800309}.Release|Any CPU.Build.0 = Release|Any CPU
	EndGlobalSection
	GlobalSection(SolutionProperties) = preSolution
		HideSolutionNode = FALSE
	EndGlobalSection
	GlobalSection(ExtensibilityGlobals) = postSolution
		SolutionGuid = {4F8A4388-395D-4CAC-A6BE-8567B16F9D04}
	EndGlobalSection
EndGlobal
