
Microsoft Visual Studio Solution File, Format Version 12.00
# Visual Studio Version 17
VisualStudioVersion = 17.9.34607.119
MinimumVisualStudioVersion = 10.0.40219.1
Project("{9A19103F-16F7-4668-BE54-9A1E7A4F7556}") = "Servicios.Server", "Servicios.Server\Servicios.Server.csproj", "{6204139F-9BAD-433B-A58F-D5C8C3C76DB8}"
EndProject
Project("{FAE04EC0-301F-11D3-BF4B-00C04F79EFBC}") = "Servicios.Client", "Servicios.Client\Servicios.Client.csproj", "{89277735-EA31-46BC-979E-4E1CF5CC76A4}"
EndProject
Global
	GlobalSection(SolutionConfigurationPlatforms) = preSolution
		Debug|Any CPU = Debug|Any CPU
		Release|Any CPU = Release|Any CPU
	EndGlobalSection
	GlobalSection(ProjectConfigurationPlatforms) = postSolution
		{6204139F-9BAD-433B-A58F-D5C8C3C76DB8}.Debug|Any CPU.ActiveCfg = Debug|Any CPU
		{6204139F-9BAD-433B-A58F-D5C8C3C76DB8}.Debug|Any CPU.Build.0 = Debug|Any CPU
		{6204139F-9BAD-433B-A58F-D5C8C3C76DB8}.Release|Any CPU.ActiveCfg = Release|Any CPU
		{6204139F-9BAD-433B-A58F-D5C8C3C76DB8}.Release|Any CPU.Build.0 = Release|Any CPU
		{89277735-EA31-46BC-979E-4E1CF5CC76A4}.Debug|Any CPU.ActiveCfg = Debug|Any CPU
		{89277735-EA31-46BC-979E-4E1CF5CC76A4}.Debug|Any CPU.Build.0 = Debug|Any CPU
		{89277735-EA31-46BC-979E-4E1CF5CC76A4}.Release|Any CPU.ActiveCfg = Release|Any CPU
		{89277735-EA31-46BC-979E-4E1CF5CC76A4}.Release|Any CPU.Build.0 = Release|Any CPU
	EndGlobalSection
	GlobalSection(SolutionProperties) = preSolution
		HideSolutionNode = FALSE
	EndGlobalSection
	GlobalSection(ExtensibilityGlobals) = postSolution
		SolutionGuid = {329CD1A1-7149-4EAA-8675-2204992AA56B}
	EndGlobalSection
EndGlobal
